
Microsoft Visual Studio Solution File, Format Version 12.00
# Visual Studio 15
VisualStudioVersion = 15.0.27703.2042
MinimumVisualStudioVersion = 10.0.40219.1
Project("{FAE04EC0-301F-11D3-BF4B-00C04F79EFBC}") = "eat2fit", "eat2fit\eat2fit.csproj", "{2732F2C2-9FDE-415B-AE90-C7133C76AA67}"
EndProject
Global
	GlobalSection(SolutionConfigurationPlatforms) = preSolution
		Debug|Any CPU = Debug|Any CPU
		Release|Any CPU = Release|Any CPU
	EndGlobalSection
	GlobalSection(ProjectConfigurationPlatforms) = postSolution
		{2732F2C2-9FDE-415B-AE90-C7133C76AA67}.Debug|Any CPU.ActiveCfg = Debug|Any CPU
		{2732F2C2-9FDE-415B-AE90-C7133C76AA67}.Debug|Any CPU.Build.0 = Debug|Any CPU
		{2732F2C2-9FDE-415B-AE90-C7133C76AA67}.Release|Any CPU.ActiveCfg = Release|Any CPU
		{2732F2C2-9FDE-415B-AE90-C7133C76AA67}.Release|Any CPU.Build.0 = Release|Any CPU
	EndGlobalSection
	GlobalSection(SolutionProperties) = preSolution
		HideSolutionNode = FALSE
	EndGlobalSection
	GlobalSection(ExtensibilityGlobals) = postSolution
		SolutionGuid = {886D791A-E212-45CC-A661-A0703F79D943}
	EndGlobalSection
EndGlobal
